
Microsoft Visual Studio Solution File, Format Version 12.00
# Visual Studio Version 18
VisualStudioVersion = 18.3.11520.95 d18.3
MinimumVisualStudioVersion = 10.0.40219.1
Project("{FAE04EC0-301F-11D3-BF4B-00C04F79EFBC}") = "SampleWebApplication", "SampleWebApplication\SampleWebApplication.csproj", "{EC6AC5F4-A9D0-4EAE-A6C0-AC186F35F065}"
EndProject
Project("{FAE04EC0-301F-11D3-BF4B-00C04F79EFBC}") = "MyoStore", "MyoStore\MyoStore.csproj", "{BB8F0308-0C0B-480F-9E98-EB767E5A58FC}"
EndProject
Global
	GlobalSection(SolutionConfigurationPlatforms) = preSolution
		Debug|Any CPU = Debug|Any CPU
		Release|Any CPU = Release|Any CPU
	EndGlobalSection
	GlobalSection(ProjectConfigurationPlatforms) = postSolution
		{EC6AC5F4-A9D0-4EAE-A6C0-AC186F35F065}.Debug|Any CPU.ActiveCfg = Debug|Any CPU
		{EC6AC5F4-A9D0-4EAE-A6C0-AC186F35F065}.Debug|Any CPU.Build.0 = Debug|Any CPU
		{EC6AC5F4-A9D0-4EAE-A6C0-AC186F35F065}.Release|Any CPU.ActiveCfg = Release|Any CPU
		{EC6AC5F4-A9D0-4EAE-A6C0-AC186F35F065}.Release|Any CPU.Build.0 = Release|Any CPU
		{BB8F0308-0C0B-480F-9E98-EB767E5A58FC}.Debug|Any CPU.ActiveCfg = Debug|Any CPU
		{BB8F0308-0C0B-480F-9E98-EB767E5A58FC}.Debug|Any CPU.Build.0 = Debug|Any CPU
		{BB8F0308-0C0B-480F-9E98-EB767E5A58FC}.Release|Any CPU.ActiveCfg = Release|Any CPU
		{BB8F0308-0C0B-480F-9E98-EB767E5A58FC}.Release|Any CPU.Build.0 = Release|Any CPU
	EndGlobalSection
	GlobalSection(SolutionProperties) = preSolution
		HideSolutionNode = FALSE
	EndGlobalSection
	GlobalSection(ExtensibilityGlobals) = postSolution
		SolutionGuid = {A3ADE551-C809-410F-91BF-B0344EFF1094}
	EndGlobalSection
EndGlobal
